
Microsoft Visual Studio Solution File, Format Version 12.00
# Visual Studio Version 17
VisualStudioVersion = 17.5.33530.505
MinimumVisualStudioVersion = 10.0.40219.1
Project("{FAE04EC0-301F-11D3-BF4B-00C04F79EFBC}") = "WpfApp7", "WpfApp7.csproj", "{3ED25392-043C-4D59-91C1-3284183FF70A}"
EndProject
Global
	GlobalSection(SolutionConfigurationPlatforms) = preSolution
		Debug|Any CPU = Debug|Any CPU
		Release|Any CPU = Release|Any CPU
	EndGlobalSection
	GlobalSection(ProjectConfigurationPlatforms) = postSolution
		{3ED25392-043C-4D59-91C1-3284183FF70A}.Debug|Any CPU.ActiveCfg = Debug|Any CPU
		{3ED25392-043C-4D59-91C1-3284183FF70A}.Debug|Any CPU.Build.0 = Debug|Any CPU
		{3ED25392-043C-4D59-91C1-3284183FF70A}.Release|Any CPU.ActiveCfg = Release|Any CPU
		{3ED25392-043C-4D59-91C1-3284183FF70A}.Release|Any CPU.Build.0 = Release|Any CPU
	EndGlobalSection
	GlobalSection(SolutionProperties) = preSolution
		HideSolutionNode = FALSE
	EndGlobalSection
	GlobalSection(ExtensibilityGlobals) = postSolution
		SolutionGuid = {18EB73CF-33E3-4038-8863-5E88FE23A17B}
	EndGlobalSection
EndGlobal
